{
  "name": "PureJS",
  "lockfileVersion": 3,
  "requires": true,
  "packages": {
    "": {
      "dependencies": {
        "uplot": "^1.6.30"
      }
    },
    "node_modules/uplot": {
      "version": "1.6.30",
      "resolved": "https://registry.npmjs.org/uplot/-/uplot-1.6.30.tgz",
      "integrity": "sha512-48oVVRALM/128ttW19F2a2xobc2WfGdJ0VJFX00099CfqbCTuML7L2OrTKxNzeFP34eo1+yJbqFSoFAp2u28/Q=="
    }
  }
}
